
Microsoft Visual Studio Solution File, Format Version 12.00
# Visual Studio Version 17
VisualStudioVersion = 17.7.34221.43
MinimumVisualStudioVersion = 10.0.40219.1
Project("{FAE04EC0-301F-11D3-BF4B-00C04F79EFBC}") = "KindNet", "KindNet\KindNet.csproj", "{75E403B6-A03E-4C57-AC01-B7447AD4406C}"
EndProject
Global
	GlobalSection(SolutionConfigurationPlatforms) = preSolution
		Debug|Any CPU = Debug|Any CPU
		Release|Any CPU = Release|Any CPU
	EndGlobalSection
	GlobalSection(ProjectConfigurationPlatforms) = postSolution
		{75E403B6-A03E-4C57-AC01-B7447AD4406C}.Debug|Any CPU.ActiveCfg = Debug|Any CPU
		{75E403B6-A03E-4C57-AC01-B7447AD4406C}.Debug|Any CPU.Build.0 = Debug|Any CPU
		{75E403B6-A03E-4C57-AC01-B7447AD4406C}.Release|Any CPU.ActiveCfg = Release|Any CPU
		{75E403B6-A03E-4C57-AC01-B7447AD4406C}.Release|Any CPU.Build.0 = Release|Any CPU
	EndGlobalSection
	GlobalSection(SolutionProperties) = preSolution
		HideSolutionNode = FALSE
	EndGlobalSection
	GlobalSection(ExtensibilityGlobals) = postSolution
		SolutionGuid = {3046CE71-567C-42B3-9E6A-DE10EE7DA129}
	EndGlobalSection
EndGlobal
